<?xml version="1.0" encoding="utf-8"?>
<Project ToolsVersion="4.0" xmlns="http://schemas.microsoft.com/developer/msbuild/2003">
  <ItemGroup>
    <Filter Include="リソース ファイル">
      <UniqueIdentifier>{67DA6AB6-F800-4c08-8B7A-83BB121AAD01}</UniqueIdentifier>
      <Extensions>rc;ico;cur;bmp;dlg;rc2;rct;bin;rgs;gif;jpg;jpeg;jpe;resx;tiff;tif;png;wav;mfcribbon-ms</Extensions>
    </Filter>
    <Filter Include="Externals">
      <UniqueIdentifier>{2fcbab74-8890-4485-8e30-c6cd756ee061}</UniqueIdentifier>
    </Filter>
    <Filter Include="Externals\imgui">
      <UniqueIdentifier>{6eaad0ce-75d7-4032-b592-03be9ea31292}</UniqueIdentifier>
    </Filter>
    <Filter Include="App">
      <UniqueIdentifier>{38a6db3a-45b4-4552-a164-e6fc5ea2f695}</UniqueIdentifier>
    </Filter>
    <Filter Include="App\command">
      <UniqueIdentifier>{d65dd533-df01-4566-9654-a169c8ae895a}</UniqueIdentifier>
    </Filter>
    <Filter Include="App\object">
      <UniqueIdentifier>{8950ac9c-34ae-4729-ac8d-0022f6b10d5d}</UniqueIdentifier>
    </Filter>
    <Filter Include="App\command\EnemyState">
      <UniqueIdentifier>{1c141ced-152d-4abb-8b8a-47bcd0e157ef}</UniqueIdentifier>
    </Filter>
    <Filter Include="App\AI">
      <UniqueIdentifier>{bcb81d8a-2d8a-4d9b-b03b-5132a0fa8189}</UniqueIdentifier>
    </Filter>
    <Filter Include="App\Enemy">
      <UniqueIdentifier>{f7e502f4-91e1-47f0-97ce-0dc7503dbfb7}</UniqueIdentifier>
    </Filter>
    <Filter Include="App\Player">
      <UniqueIdentifier>{77ddcdb9-2846-4d05-ab67-d0cbd56427cc}</UniqueIdentifier>
    </Filter>
    <Filter Include="App\Reaction">
      <UniqueIdentifier>{1de7d744-ddbb-404d-9a40-4100398b7cb6}</UniqueIdentifier>
    </Filter>
    <Filter Include="App\Reticle">
      <UniqueIdentifier>{dc2a85f5-eb94-4f09-8724-26eb50902f6f}</UniqueIdentifier>
    </Filter>
    <Filter Include="App\Status">
      <UniqueIdentifier>{95c29238-e749-4053-9195-3bf0638ad012}</UniqueIdentifier>
    </Filter>
    <Filter Include="リソース ファイル\Shader">
      <UniqueIdentifier>{8117a4d9-99e3-4157-89ab-981c1ed28c0c}</UniqueIdentifier>
    </Filter>
    <Filter Include="リソース ファイル\Shader\PostEffect">
      <UniqueIdentifier>{09995034-6892-4d61-9353-ef3d6c2105d8}</UniqueIdentifier>
    </Filter>
    <Filter Include="App\Enemy\Action">
      <UniqueIdentifier>{2c602fe2-0af8-483d-be4d-8d1206f2ea04}</UniqueIdentifier>
    </Filter>
    <Filter Include="App\Player\Skill">
      <UniqueIdentifier>{e71c4b1c-e9b7-48eb-863a-82edec137628}</UniqueIdentifier>
    </Filter>
    <Filter Include="App\AI\BehaviorTree">
      <UniqueIdentifier>{b603224a-e7a0-49f6-971b-787998034bc2}</UniqueIdentifier>
    </Filter>
    <Filter Include="App\AI\State">
      <UniqueIdentifier>{3d1bb15d-203b-440f-b118-4a1cd909d623}</UniqueIdentifier>
    </Filter>
    <Filter Include="GameEngine">
      <UniqueIdentifier>{79a475c8-effe-474c-9b0b-adea0da283f8}</UniqueIdentifier>
    </Filter>
    <Filter Include="GameEngine\Base">
      <UniqueIdentifier>{7efa9ed3-11ab-466c-ac46-781d56dca699}</UniqueIdentifier>
    </Filter>
    <Filter Include="GameEngine\Base\DirectX">
      <UniqueIdentifier>{58013492-ed9b-4a56-a74d-0ecf1b84379a}</UniqueIdentifier>
    </Filter>
    <Filter Include="GameEngine\Base\WinApp">
      <UniqueIdentifier>{f3331b3c-17e2-464c-96ae-10368f025fc8}</UniqueIdentifier>
    </Filter>
    <Filter Include="GameEngine\Base\Debug">
      <UniqueIdentifier>{5df8acf8-13fd-4bb3-bda3-de4dec0b5753}</UniqueIdentifier>
    </Filter>
    <Filter Include="GameEngine\math">
      <UniqueIdentifier>{8366f130-0620-4bdd-a003-4d85064dbb9e}</UniqueIdentifier>
    </Filter>
    <Filter Include="GameEngine\Object">
      <UniqueIdentifier>{e466fe93-9190-4fb3-ab34-ab026ab0e249}</UniqueIdentifier>
    </Filter>
    <Filter Include="GameEngine\Object\Camera">
      <UniqueIdentifier>{23a8e57e-719a-435a-9bf4-559d53aaa05a}</UniqueIdentifier>
    </Filter>
    <Filter Include="GameEngine\Object\Light">
      <UniqueIdentifier>{3aabf391-e7d4-4cee-a79d-2de8f3ca0524}</UniqueIdentifier>
    </Filter>
    <Filter Include="GameEngine\Object\Model">
      <UniqueIdentifier>{eb743ed8-e752-4eeb-bcd5-54f6a95ee6ee}</UniqueIdentifier>
    </Filter>
    <Filter Include="GameEngine\Object\Model\Skybox">
      <UniqueIdentifier>{72db10d5-5148-442e-9ddc-b3d6049434b1}</UniqueIdentifier>
    </Filter>
    <Filter Include="GameEngine\Object\3d">
      <UniqueIdentifier>{bc639819-c07f-4050-bb41-870122750342}</UniqueIdentifier>
    </Filter>
    <Filter Include="GameEngine\Object\Sprite">
      <UniqueIdentifier>{872ae062-3e4e-4376-af30-003abaf5194c}</UniqueIdentifier>
    </Filter>
    <Filter Include="GameEngine\Object\Screen">
      <UniqueIdentifier>{8374b0f6-1c84-493e-8b70-92743bc54f28}</UniqueIdentifier>
    </Filter>
    <Filter Include="GameEngine\Scene">
      <UniqueIdentifier>{cb3f15ed-4218-4968-b0ef-876b54aa0080}</UniqueIdentifier>
    </Filter>
    <Filter Include="GameEngine\Input">
      <UniqueIdentifier>{0c0618fc-3e73-419f-94e7-55cad856a744}</UniqueIdentifier>
    </Filter>
    <Filter Include="GameEngine\Append">
      <UniqueIdentifier>{7f02235f-e474-466c-bed7-86bbaeffea3f}</UniqueIdentifier>
    </Filter>
    <Filter Include="GameEngine\Append\Collider">
      <UniqueIdentifier>{f167a84c-a7a8-405d-b221-ebfd20ee2888}</UniqueIdentifier>
    </Filter>
    <Filter Include="GameEngine\Append\Animation">
      <UniqueIdentifier>{3bbfac35-07b2-494c-9378-5fbc266244d7}</UniqueIdentifier>
    </Filter>
    <Filter Include="GameEngine\Append\Animation\Node">
      <UniqueIdentifier>{8daa067a-f8c8-4349-98f1-23aeecc693f5}</UniqueIdentifier>
    </Filter>
    <Filter Include="GameEngine\Append\Animation\Skinning">
      <UniqueIdentifier>{21b8b443-0b96-4cb5-9b96-ed8880f874ca}</UniqueIdentifier>
    </Filter>
    <Filter Include="GameEngine\Append\Transform">
      <UniqueIdentifier>{b3b705b2-4f0b-4986-9fb2-cf539f3d8fcd}</UniqueIdentifier>
    </Filter>
    <Filter Include="GameEngine\GameBase">
      <UniqueIdentifier>{6da8ee87-f1f3-4ee1-b181-1ba2bb425cf6}</UniqueIdentifier>
    </Filter>
    <Filter Include="GameEngine\Effect">
      <UniqueIdentifier>{2bf1e4ed-add4-4938-8e5e-aee0a21a8225}</UniqueIdentifier>
    </Filter>
    <Filter Include="GameEngine\Effect\Particle">
      <UniqueIdentifier>{81a3235d-b2f6-48f0-98bd-9b03c54e2692}</UniqueIdentifier>
    </Filter>
    <Filter Include="GameEngine\Effect\PostEffect">
      <UniqueIdentifier>{5a72591c-40c9-46a6-92b6-5703cc28f978}</UniqueIdentifier>
    </Filter>
    <Filter Include="GameEngine\Editor">
      <UniqueIdentifier>{47fdf49b-75fe-4abe-8bf2-6f547d51d7ae}</UniqueIdentifier>
    </Filter>
    <Filter Include="GameEngine\Resource">
      <UniqueIdentifier>{b33b5cde-04b6-4da6-8138-a44b17608e10}</UniqueIdentifier>
    </Filter>
    <Filter Include="GameEngine\Resource\Audio">
      <UniqueIdentifier>{6a9f3f3f-56dc-4216-9fee-58080a4f9feb}</UniqueIdentifier>
    </Filter>
    <Filter Include="GameEngine\Resource\Material">
      <UniqueIdentifier>{2ec48709-1cc3-4d97-8f52-bd880617cd7b}</UniqueIdentifier>
    </Filter>
    <Filter Include="GameEngine\Resource\Texture">
      <UniqueIdentifier>{ebf40d13-fb6b-4ed8-bfdb-849dab417573}</UniqueIdentifier>
    </Filter>
    <Filter Include="GameEngine\GameMaster">
      <UniqueIdentifier>{afab8b24-ec7d-46ef-8df6-851e4472f9f1}</UniqueIdentifier>
    </Filter>
    <Filter Include="リソース ファイル\Shader\Collider">
      <UniqueIdentifier>{58664cd6-c708-4a51-8a02-66e539a99c58}</UniqueIdentifier>
    </Filter>
    <Filter Include="GameEngine\Object\Base">
      <UniqueIdentifier>{b1f46cda-82d8-491c-893c-9dac4ac1f522}</UniqueIdentifier>
    </Filter>
  </ItemGroup>
  <ItemGroup>
    <ClCompile Include="GameEngine\Object\Light\DirectionalLight.cpp">
      <Filter>GameEngine\Object\Light</Filter>
    </ClCompile>
    <ClCompile Include="GameEngine\Object\Model\Model.cpp">
      <Filter>GameEngine\Object\Model</Filter>
    </ClCompile>
    <ClCompile Include="GameEngine\Base\DirectX\DirectXCommon.cpp">
      <Filter>GameEngine\Base\DirectX</Filter>
    </ClCompile>
    <ClCompile Include="Externals\imgui\imgui.cpp">
      <Filter>Externals\imgui</Filter>
    </ClCompile>
    <ClCompile Include="Externals\imgui\imgui_demo.cpp">
      <Filter>Externals\imgui</Filter>
    </ClCompile>
    <ClCompile Include="Externals\imgui\imgui_draw.cpp">
      <Filter>Externals\imgui</Filter>
    </ClCompile>
    <ClCompile Include="Externals\imgui\imgui_impl_dx12.cpp">
      <Filter>Externals\imgui</Filter>
    </ClCompile>
    <ClCompile Include="Externals\imgui\imgui_impl_win32.cpp">
      <Filter>Externals\imgui</Filter>
    </ClCompile>
    <ClCompile Include="Externals\imgui\imgui_tables.cpp">
      <Filter>Externals\imgui</Filter>
    </ClCompile>
    <ClCompile Include="Externals\imgui\imgui_widgets.cpp">
      <Filter>Externals\imgui</Filter>
    </ClCompile>
    <ClCompile Include="GameEngine\Scene\SceneManager.cpp">
      <Filter>GameEngine\Scene</Filter>
    </ClCompile>
    <ClCompile Include="App\Scene\TitleScene.cpp">
      <Filter>GameEngine\Scene</Filter>
    </ClCompile>
    <ClCompile Include="GameEngine\Math\Matrix4x4.cpp">
      <Filter>GameEngine\math</Filter>
    </ClCompile>
    <ClCompile Include="GameEngine\Math\Quaternion.cpp">
      <Filter>GameEngine\math</Filter>
    </ClCompile>
    <ClCompile Include="GameEngine\Math\Vector3.cpp">
      <Filter>GameEngine\math</Filter>
    </ClCompile>
    <ClCompile Include="GameEngine\Math\Vec2.cpp">
      <Filter>GameEngine\math</Filter>
    </ClCompile>
    <ClCompile Include="GameEngine\Math\Vec4.cpp">
      <Filter>GameEngine\math</Filter>
    </ClCompile>
    <ClCompile Include="GameEngine\Object\Camera\MainCamera.cpp">
      <Filter>GameEngine\Object\Camera</Filter>
    </ClCompile>
    <ClCompile Include="GameEngine\Append\Collider\CollisionManager.cpp">
      <Filter>GameEngine\Append\Collider</Filter>
    </ClCompile>
    <ClCompile Include="GameEngine\Object\Camera\CameraCommon.cpp">
      <Filter>GameEngine\Object\Camera</Filter>
    </ClCompile>
    <ClCompile Include="GameEngine\Object\Model\ModelManager.cpp">
      <Filter>GameEngine\Object\Model</Filter>
    </ClCompile>
    <ClCompile Include="GameEngine\Object\3d\Object3d.cpp">
      <Filter>GameEngine\Object\3d</Filter>
    </ClCompile>
    <ClCompile Include="App\Scene\GameScene.cpp">
      <Filter>GameEngine\Scene</Filter>
    </ClCompile>
    <ClCompile Include="App\Scene\ResultScene.cpp">
      <Filter>GameEngine\Scene</Filter>
    </ClCompile>
    <ClCompile Include="GameEngine\Object\Sprite\Sprite.cpp">
      <Filter>GameEngine\Object\Sprite</Filter>
    </ClCompile>
    <ClCompile Include="GameEngine\Input\InputManager.cpp">
      <Filter>GameEngine\Input</Filter>
    </ClCompile>
    <ClCompile Include="GameEngine\Input\Keyboard.cpp">
      <Filter>GameEngine\Input</Filter>
    </ClCompile>
    <ClCompile Include="GameEngine\Input\Gamepad.cpp">
      <Filter>GameEngine\Input</Filter>
    </ClCompile>
    <ClCompile Include="GameEngine\Base\WinApp\WinAPI.cpp">
      <Filter>GameEngine\Base\WinApp</Filter>
    </ClCompile>
    <ClCompile Include="GameEngine\Append\Collider\AABBCollider.cpp">
      <Filter>GameEngine\Append\Collider</Filter>
    </ClCompile>
    <ClCompile Include="App\Player\Arrow.cpp">
      <Filter>GameEngine\GameBase</Filter>
    </ClCompile>
    <ClCompile Include="App\Enemy\BossEnemy.cpp">
      <Filter>GameEngine\GameBase</Filter>
    </ClCompile>
    <ClCompile Include="App\IObjectBase.cpp">
      <Filter>App</Filter>
    </ClCompile>
    <ClCompile Include="App\Player\Player.cpp">
      <Filter>App\Player</Filter>
    </ClCompile>
    <ClCompile Include="App\Enemy\Action\Action.cpp">
      <Filter>App\Enemy\Action</Filter>
    </ClCompile>
    <ClCompile Include="App\Enemy\Action\AttackAction.cpp">
      <Filter>App\Enemy\Action</Filter>
    </ClCompile>
    <ClCompile Include="App\Player\Action\Skill.cpp">
      <Filter>App\Player\Skill</Filter>
    </ClCompile>
    <ClCompile Include="GameEngine\Append\Animation\Node\NodeAnimation.cpp">
      <Filter>GameEngine\Append\Animation\Node</Filter>
    </ClCompile>
    <ClCompile Include="GameEngine\Append\Animation\Skinning\Joint.cpp">
      <Filter>GameEngine\Append\Animation\Skinning</Filter>
    </ClCompile>
    <ClCompile Include="GameEngine\Append\Animation\Skinning\Skeleton.cpp">
      <Filter>GameEngine\Append\Animation\Skinning</Filter>
    </ClCompile>
    <ClCompile Include="GameEngine\Append\Animation\Skinning\SkinCluster.cpp">
      <Filter>GameEngine\Append\Animation\Skinning</Filter>
    </ClCompile>
    <ClCompile Include="GameEngine\Append\Animation\Skinning\Skinnig.cpp">
      <Filter>GameEngine\Append\Animation\Skinning</Filter>
    </ClCompile>
    <ClCompile Include="GameEngine\Base\Framework.cpp">
      <Filter>GameEngine\Base</Filter>
    </ClCompile>
    <ClCompile Include="GameEngine\Base\Debug\ImGuiManager.cpp">
      <Filter>GameEngine\Base\Debug</Filter>
    </ClCompile>
    <ClCompile Include="GameEngine\Base\DirectX\DSV.cpp">
      <Filter>GameEngine\Base\DirectX</Filter>
    </ClCompile>
    <ClCompile Include="GameEngine\Base\DirectX\SRV.cpp">
      <Filter>GameEngine\Base\DirectX</Filter>
    </ClCompile>
    <ClCompile Include="GameEngine\Base\DirectX\RTV.cpp">
      <Filter>GameEngine\Base\DirectX</Filter>
    </ClCompile>
    <ClCompile Include="GameEngine\Editor\GlobalVariables.cpp">
      <Filter>GameEngine\Editor</Filter>
    </ClCompile>
    <ClCompile Include="GameEngine\Editor\LevelEditor.cpp">
      <Filter>GameEngine\Editor</Filter>
    </ClCompile>
    <ClCompile Include="GameEngine\Resource\ResourceCommon.cpp">
      <Filter>GameEngine\Resource</Filter>
    </ClCompile>
    <ClCompile Include="main.cpp" />
    <ClCompile Include="GameEngine\Append\Transform\WorldTransform.cpp">
      <Filter>GameEngine\Append\Transform</Filter>
    </ClCompile>
    <ClCompile Include="GameEngine\Resource\Texture\Resource.cpp">
      <Filter>GameEngine\Resource\Texture</Filter>
    </ClCompile>
    <ClCompile Include="GameEngine\Resource\Audio\Audio.cpp">
      <Filter>GameEngine\Resource\Audio</Filter>
    </ClCompile>
    <ClCompile Include="GameEngine\Object\Sprite\SpriteAdministrator.cpp">
      <Filter>GameEngine\Object\Sprite</Filter>
    </ClCompile>
    <ClCompile Include="GameEngine\Object\Sprite\Sphere.cpp">
      <Filter>GameEngine\Object\Sprite</Filter>
    </ClCompile>
    <ClCompile Include="GameEngine\Object\Sprite\Triangle.cpp">
      <Filter>GameEngine\Object\Sprite</Filter>
    </ClCompile>
    <ClCompile Include="GameEngine\Object\Model\Skybox\Skybox.cpp">
      <Filter>GameEngine\Object\Model\Skybox</Filter>
    </ClCompile>
    <ClCompile Include="GameEngine\Object\Model\Line.cpp">
      <Filter>GameEngine\Object\Model</Filter>
    </ClCompile>
    <ClCompile Include="GameEngine\Object\Model\MultiModel.cpp">
      <Filter>GameEngine\Object\Model</Filter>
    </ClCompile>
    <ClCompile Include="GameEngine\Effect\PostEffect\PostEffect.cpp">
      <Filter>GameEngine\Object\Screen</Filter>
    </ClCompile>
    <ClCompile Include="GameEngine\Object\Screen\ShadowMap.cpp">
      <Filter>GameEngine\Object\Screen</Filter>
    </ClCompile>
    <ClCompile Include="GameEngine\Object\ShadowObject.cpp">
      <Filter>GameEngine\Object</Filter>
    </ClCompile>
    <ClCompile Include="GameEngine\Object\ObjectAdministrator.cpp">
      <Filter>GameEngine\Object</Filter>
    </ClCompile>
    <ClCompile Include="GameEngine\Object\Grid3D.cpp">
      <Filter>GameEngine\Object</Filter>
    </ClCompile>
    <ClCompile Include="GameEngine\Append\Collider\SphereCollider.cpp">
      <Filter>GameEngine\Append\Collider</Filter>
    </ClCompile>
    <ClCompile Include="GameEngine\Append\Collider\TriangleCollider.cpp">
      <Filter>GameEngine\Append\Collider</Filter>
    </ClCompile>
    <ClCompile Include="GameEngine\Append\Collider\PlaneCollider.cpp">
      <Filter>GameEngine\Append\Collider</Filter>
    </ClCompile>
    <ClCompile Include="GameEngine\Append\Collider\RayCollider.cpp">
      <Filter>GameEngine\Append\Collider</Filter>
    </ClCompile>
    <ClCompile Include="GameEngine\Append\Collider\OBBCollider.cpp">
      <Filter>GameEngine\Append\Collider</Filter>
    </ClCompile>
    <ClCompile Include="App\Player\Action\Slash.cpp">
      <Filter>App\Player\Skill</Filter>
    </ClCompile>
    <ClCompile Include="App\Manager\Reaction\DamageReaction.cpp">
      <Filter>App\Reaction</Filter>
    </ClCompile>
    <ClCompile Include="App\Reticle\Reticle3D.cpp">
      <Filter>App\Reticle</Filter>
    </ClCompile>
    <ClCompile Include="App\Manager\Status\StatusManager.cpp">
      <Filter>App\Status</Filter>
    </ClCompile>
    <ClCompile Include="GameEngine\Effect\PostEffect\BoxFilter.cpp">
      <Filter>GameEngine\Effect\PostEffect</Filter>
    </ClCompile>
    <ClCompile Include="GameEngine\Effect\PostEffect\DepthOutline.cpp">
      <Filter>GameEngine\Effect\PostEffect</Filter>
    </ClCompile>
    <ClCompile Include="GameEngine\Effect\PostEffect\GaussianFilter.cpp">
      <Filter>GameEngine\Effect\PostEffect</Filter>
    </ClCompile>
    <ClCompile Include="GameEngine\Effect\PostEffect\GrayScale.cpp">
      <Filter>GameEngine\Effect\PostEffect</Filter>
    </ClCompile>
    <ClCompile Include="GameEngine\Effect\PostEffect\IPostEffect.cpp">
      <Filter>GameEngine\Effect\PostEffect</Filter>
    </ClCompile>
    <ClCompile Include="GameEngine\Effect\PostEffect\LuminanceOutline.cpp">
      <Filter>GameEngine\Effect\PostEffect</Filter>
    </ClCompile>
    <ClCompile Include="GameEngine\Effect\Particle\ParticleManager.cpp">
      <Filter>GameEngine\Effect\Particle</Filter>
    </ClCompile>
    <ClCompile Include="GameEngine\GameMaster\Framerate.cpp">
      <Filter>GameEngine\GameMaster</Filter>
    </ClCompile>
    <ClCompile Include="App\AI\State\IBossState.cpp">
      <Filter>App\AI\State</Filter>
    </ClCompile>
    <ClCompile Include="App\AI\State\VitalityBossState.cpp">
      <Filter>App\AI\State</Filter>
    </ClCompile>
    <ClCompile Include="GameEngine\Effect\PostEffect\Vignette.cpp">
      <Filter>GameEngine\Effect\PostEffect</Filter>
    </ClCompile>
    <ClCompile Include="App\Scene\MenuScene.cpp">
      <Filter>GameEngine\Scene</Filter>
    </ClCompile>
    <ClCompile Include="App\Scene\OverScene.cpp">
      <Filter>GameEngine\Scene</Filter>
    </ClCompile>
    <ClCompile Include="App\Scene\StartScene.cpp">
      <Filter>GameEngine\Scene</Filter>
    </ClCompile>
    <ClCompile Include="GameEngine\Object\Base\ObjectBase.cpp">
      <Filter>GameEngine\Object\Base</Filter>
    </ClCompile>
    <ClCompile Include="GameEngine\Input\Controller.cpp" />
    <ClCompile Include="GameEngine\Effect\Particle\TrailEffect.cpp" />
    <ClCompile Include="GameEngine\Effect\EffectPixels\EffectPixels.cpp" />
    <ClCompile Include="App\Enemy\Action\AttackDash.cpp" />
    <ClCompile Include="App\Enemy\Action\Seartch.cpp" />
    <ClCompile Include="App\Enemy\Action\AttackJump.cpp" />
    <ClCompile Include="App\Actor\Actor.cpp" />
    <ClCompile Include="GameEngine\Editor\NodeEditor\BTNodeEditor.cpp" />
    <ClCompile Include="Externals\imgui\imnodes.cpp" />
    <ClCompile Include="App\AI\BehaviorTree\IBehavior.cpp" />
    <ClCompile Include="App\Enemy\Action\KnockBack.cpp" />
    <ClCompile Include="App\Enemy\Action\Dash.cpp" />
    <ClCompile Include="GameEngine\Editor\NodeEditor\Nodes\AINodeActions.cpp" />
    <ClCompile Include="GameEngine\Append\Collider\CapsuelCollider.cpp" />
    <ClCompile Include="App\Gladiator.cpp" />
    <ClCompile Include="App\Scene\SceneFactory.cpp" />
    <ClCompile Include="App\BlackBoard.cpp" />
    <ClCompile Include="App\Enemy\Action\Shrinkage.cpp" />
    <ClCompile Include="GameEngine\Resource\Texture\TextureManager.cpp" />
    <ClCompile Include="GameEngine\Effect\Particle\Emitter\ParticleEmitter.cpp" />
    <ClCompile Include="App\Enemy\Action\ShotBullet.cpp" />
    <ClCompile Include="App\Bullet\Bullet.cpp" />
    <ClCompile Include="App\Manager\GameManager.cpp" />
    <ClCompile Include="App\Enemy\Action\MoveFieldCenter.cpp" />
    <ClCompile Include="App\Enemy\Action\EarthSword.cpp" />
    <ClCompile Include="App\Bullet\EarthSwordBullet.cpp" />
  </ItemGroup>
  <ItemGroup>
    <ClInclude Include="GameEngine\Object\Light\DirectionalLight.h">
      <Filter>GameEngine\Object\Light</Filter>
    </ClInclude>
    <ClInclude Include="GameEngine\Object\Model\Model.h">
      <Filter>GameEngine\Object\Model</Filter>
    </ClInclude>
    <ClInclude Include="GameEngine\Base\DirectX\DirectXCommon.h">
      <Filter>GameEngine\Base\DirectX</Filter>
    </ClInclude>
    <ClInclude Include="Externals\imgui\imconfig.h">
      <Filter>Externals\imgui</Filter>
    </ClInclude>
    <ClInclude Include="Externals\imgui\imgui.h">
      <Filter>Externals\imgui</Filter>
    </ClInclude>
    <ClInclude Include="Externals\imgui\imgui_impl_dx12.h">
      <Filter>Externals\imgui</Filter>
    </ClInclude>
    <ClInclude Include="Externals\imgui\imgui_impl_win32.h">
      <Filter>Externals\imgui</Filter>
    </ClInclude>
    <ClInclude Include="Externals\imgui\imgui_internal.h">
      <Filter>Externals\imgui</Filter>
    </ClInclude>
    <ClInclude Include="Externals\imgui\imstb_rectpack.h">
      <Filter>Externals\imgui</Filter>
    </ClInclude>
    <ClInclude Include="Externals\imgui\imstb_textedit.h">
      <Filter>Externals\imgui</Filter>
    </ClInclude>
    <ClInclude Include="Externals\imgui\imstb_truetype.h">
      <Filter>Externals\imgui</Filter>
    </ClInclude>
    <ClInclude Include="GameEngine\Scene\BaseScene.h">
      <Filter>GameEngine\Scene</Filter>
    </ClInclude>
    <ClInclude Include="GameEngine\Scene\SceneManager.h">
      <Filter>GameEngine\Scene</Filter>
    </ClInclude>
    <ClInclude Include="App\Scene\TitleScene.h">
      <Filter>GameEngine\Scene</Filter>
    </ClInclude>
    <ClInclude Include="GameEngine\Math\Math.h">
      <Filter>GameEngine\math</Filter>
    </ClInclude>
    <ClInclude Include="GameEngine\Math\Matrix4x4.h">
      <Filter>GameEngine\math</Filter>
    </ClInclude>
    <ClInclude Include="GameEngine\Math\Quaternion.h">
      <Filter>GameEngine\math</Filter>
    </ClInclude>
    <ClInclude Include="GameEngine\Math\Vector3.h">
      <Filter>GameEngine\math</Filter>
    </ClInclude>
    <ClInclude Include="GameEngine\Math\Vec2.h">
      <Filter>GameEngine\math</Filter>
    </ClInclude>
    <ClInclude Include="GameEngine\Math\Vec4.h">
      <Filter>GameEngine\math</Filter>
    </ClInclude>
    <ClInclude Include="GameEngine\Object\Camera\MainCamera.h">
      <Filter>GameEngine\Object\Camera</Filter>
    </ClInclude>
    <ClInclude Include="GameEngine\Append\Collider\Collider.h">
      <Filter>GameEngine\Append\Collider</Filter>
    </ClInclude>
    <ClInclude Include="GameEngine\Append\Collider\CollisionConfig.h">
      <Filter>GameEngine\Append\Collider</Filter>
    </ClInclude>
    <ClInclude Include="GameEngine\Append\Collider\CollisionManager.h">
      <Filter>GameEngine\Append\Collider</Filter>
    </ClInclude>
    <ClInclude Include="GameEngine\Object\Camera\CameraCommon.h">
      <Filter>GameEngine\Object\Camera</Filter>
    </ClInclude>
    <ClInclude Include="GameEngine\Object\Model\ModelManager.h">
      <Filter>GameEngine\Object\Model</Filter>
    </ClInclude>
    <ClInclude Include="GameEngine\Object\3d\Object3d.h">
      <Filter>GameEngine\Object\3d</Filter>
    </ClInclude>
    <ClInclude Include="App\Scene\GameScene.h">
      <Filter>GameEngine\Scene</Filter>
    </ClInclude>
    <ClInclude Include="App\Scene\ResultScene.h">
      <Filter>GameEngine\Scene</Filter>
    </ClInclude>
    <ClInclude Include="GameEngine\Object\Sprite\Sprite.h">
      <Filter>GameEngine\Object\Sprite</Filter>
    </ClInclude>
    <ClInclude Include="GameEngine\Input\InputManager.h">
      <Filter>GameEngine\Input</Filter>
    </ClInclude>
    <ClInclude Include="GameEngine\Input\Keyboard.h">
      <Filter>GameEngine\Input</Filter>
    </ClInclude>
    <ClInclude Include="GameEngine\Input\Gamepad.h">
      <Filter>GameEngine\Input</Filter>
    </ClInclude>
    <ClInclude Include="GameEngine\Base\WinApp\WinAPI.h">
      <Filter>GameEngine\Base\WinApp</Filter>
    </ClInclude>
    <ClInclude Include="GameEngine\Append\Collider\AABBCollider.h">
      <Filter>GameEngine\Append\Collider</Filter>
    </ClInclude>
    <ClInclude Include="App\Player\Arrow.h">
      <Filter>GameEngine\GameBase</Filter>
    </ClInclude>
    <ClInclude Include="App\Enemy\BossEnemy.h">
      <Filter>GameEngine\GameBase</Filter>
    </ClInclude>
    <ClInclude Include="App\IObjectBase.h">
      <Filter>App</Filter>
    </ClInclude>
    <ClInclude Include="App\Player\Player.h">
      <Filter>App\Player</Filter>
    </ClInclude>
    <ClInclude Include="App\Enemy\Action\Action.h">
      <Filter>App\Enemy\Action</Filter>
    </ClInclude>
    <ClInclude Include="App\Player\Action\Skill.h">
      <Filter>App\Player\Skill</Filter>
    </ClInclude>
    <ClInclude Include="GameEngine\Append\Animation\Node\NodeAnimation.h">
      <Filter>GameEngine\Append\Animation\Node</Filter>
    </ClInclude>
    <ClInclude Include="GameEngine\Append\Animation\Skinning\Joint.h">
      <Filter>GameEngine\Append\Animation\Skinning</Filter>
    </ClInclude>
    <ClInclude Include="GameEngine\Append\Animation\Skinning\Skeleton.h">
      <Filter>GameEngine\Append\Animation\Skinning</Filter>
    </ClInclude>
    <ClInclude Include="GameEngine\Append\Animation\Skinning\SkinCluster.h">
      <Filter>GameEngine\Append\Animation\Skinning</Filter>
    </ClInclude>
    <ClInclude Include="GameEngine\Append\Animation\Skinning\Skinnig.h">
      <Filter>GameEngine\Append\Animation\Skinning</Filter>
    </ClInclude>
    <ClInclude Include="GameEngine\Base\Framework.h">
      <Filter>GameEngine\Base</Filter>
    </ClInclude>
    <ClInclude Include="GameEngine\Base\Debug\ImGuiManager.h">
      <Filter>GameEngine\Base\Debug</Filter>
    </ClInclude>
    <ClInclude Include="GameEngine\Base\DirectX\DSV.h">
      <Filter>GameEngine\Base\DirectX</Filter>
    </ClInclude>
    <ClInclude Include="GameEngine\Base\DirectX\SRV.h">
      <Filter>GameEngine\Base\DirectX</Filter>
    </ClInclude>
    <ClInclude Include="GameEngine\Base\DirectX\RTV.h">
      <Filter>GameEngine\Base\DirectX</Filter>
    </ClInclude>
    <ClInclude Include="GameEngine\Base\System.h">
      <Filter>GameEngine\Base</Filter>
    </ClInclude>
    <ClInclude Include="GameEngine\Editor\GlobalVariables.h">
      <Filter>GameEngine\Editor</Filter>
    </ClInclude>
    <ClInclude Include="GameEngine\Editor\LevelEditor.h">
      <Filter>GameEngine\Editor</Filter>
    </ClInclude>
    <ClInclude Include="GameEngine\Resource\ResourceCommon.h">
      <Filter>GameEngine\Resource</Filter>
    </ClInclude>
    <ClInclude Include="GameEngine\Append\Transform\WorldTransform.h">
      <Filter>GameEngine\Append\Transform</Filter>
    </ClInclude>
    <ClInclude Include="GameEngine\Resource\Texture\Resource.h">
      <Filter>GameEngine\Resource\Texture</Filter>
    </ClInclude>
    <ClInclude Include="GameEngine\Resource\Audio\Audio.h">
      <Filter>GameEngine\Resource\Audio</Filter>
    </ClInclude>
    <ClInclude Include="GameEngine\Resource\Material\Color.h">
      <Filter>GameEngine\Resource\Material</Filter>
    </ClInclude>
    <ClInclude Include="GameEngine\Resource\Material\Material.h">
      <Filter>GameEngine\Resource\Material</Filter>
    </ClInclude>
    <ClInclude Include="GameEngine\Object\Sprite\SpriteAdministrator.h">
      <Filter>GameEngine\Object\Sprite</Filter>
    </ClInclude>
    <ClInclude Include="GameEngine\Object\Sprite\Sphere.h">
      <Filter>GameEngine\Object\Sprite</Filter>
    </ClInclude>
    <ClInclude Include="GameEngine\Object\Sprite\Triangle.h">
      <Filter>GameEngine\Object\Sprite</Filter>
    </ClInclude>
    <ClInclude Include="GameEngine\Object\Model\Skybox\Skybox.h">
      <Filter>GameEngine\Object\Model\Skybox</Filter>
    </ClInclude>
    <ClInclude Include="GameEngine\Object\Model\Line.h">
      <Filter>GameEngine\Object\Model</Filter>
    </ClInclude>
    <ClInclude Include="GameEngine\Object\Model\MultiModel.h">
      <Filter>GameEngine\Object\Model</Filter>
    </ClInclude>
    <ClInclude Include="GameEngine\Effect\PostEffect\PostEffect.h">
      <Filter>GameEngine\Object\Screen</Filter>
    </ClInclude>
    <ClInclude Include="GameEngine\Object\Screen\ShadowMap.h">
      <Filter>GameEngine\Object\Screen</Filter>
    </ClInclude>
    <ClInclude Include="GameEngine\Object\ShadowObject.h">
      <Filter>GameEngine\Object</Filter>
    </ClInclude>
    <ClInclude Include="GameEngine\Object\ObjectAdministrator.h">
      <Filter>GameEngine\Object</Filter>
    </ClInclude>
    <ClInclude Include="GameEngine\Object\Grid3D.h">
      <Filter>GameEngine\Object</Filter>
    </ClInclude>
    <ClInclude Include="GameEngine\Append\Collider\SphereCollider.h">
      <Filter>GameEngine\Append\Collider</Filter>
    </ClInclude>
    <ClInclude Include="GameEngine\Append\Collider\TriangleCollider.h">
      <Filter>GameEngine\Append\Collider</Filter>
    </ClInclude>
    <ClInclude Include="GameEngine\Append\Collider\PlaneCollider.h">
      <Filter>GameEngine\Append\Collider</Filter>
    </ClInclude>
    <ClInclude Include="GameEngine\Append\Collider\RayCollider.h">
      <Filter>GameEngine\Append\Collider</Filter>
    </ClInclude>
    <ClInclude Include="GameEngine\Append\Collider\OBBCollider.h">
      <Filter>GameEngine\Append\Collider</Filter>
    </ClInclude>
    <ClInclude Include="App\Player\Action\Slash.h">
      <Filter>App\Player\Skill</Filter>
    </ClInclude>
    <ClInclude Include="App\Manager\Reaction\DamageReaction.h">
      <Filter>App\Reaction</Filter>
    </ClInclude>
    <ClInclude Include="App\Reticle\Reticle3D.h">
      <Filter>App\Reticle</Filter>
    </ClInclude>
    <ClInclude Include="App\Manager\Status\StatusManager.h">
      <Filter>App\Status</Filter>
    </ClInclude>
    <ClInclude Include="GameEngine\Effect\PostEffect\BoxFilter.h">
      <Filter>GameEngine\Effect\PostEffect</Filter>
    </ClInclude>
    <ClInclude Include="GameEngine\Effect\PostEffect\DepthOutline.h">
      <Filter>GameEngine\Effect\PostEffect</Filter>
    </ClInclude>
    <ClInclude Include="GameEngine\Effect\PostEffect\GaussianFilter.h">
      <Filter>GameEngine\Effect\PostEffect</Filter>
    </ClInclude>
    <ClInclude Include="GameEngine\Effect\PostEffect\GrayScale.h">
      <Filter>GameEngine\Effect\PostEffect</Filter>
    </ClInclude>
    <ClInclude Include="GameEngine\Effect\PostEffect\IPostEffect.h">
      <Filter>GameEngine\Effect\PostEffect</Filter>
    </ClInclude>
    <ClInclude Include="GameEngine\Effect\PostEffect\LuminanceOutline.h">
      <Filter>GameEngine\Effect\PostEffect</Filter>
    </ClInclude>
    <ClInclude Include="GameEngine\Effect\Particle\ParticleManager.h">
      <Filter>GameEngine\Effect\Particle</Filter>
    </ClInclude>
    <ClInclude Include="GameEngine\Effect\Particle\ParticleCommon.h">
      <Filter>GameEngine\Effect\Particle</Filter>
    </ClInclude>
    <ClInclude Include="GameEngine\GameMaster\Framerate.h">
      <Filter>GameEngine\GameMaster</Filter>
    </ClInclude>
    <ClInclude Include="App\AI\State\IBossState.h">
      <Filter>App\AI\State</Filter>
    </ClInclude>
    <ClInclude Include="App\AI\State\VitalityBossState.h">
      <Filter>App\AI\State</Filter>
    </ClInclude>
    <ClInclude Include="App\AI\BehaviorTree\IBehavior.h">
      <Filter>App\AI\BehaviorTree</Filter>
    </ClInclude>
    <ClInclude Include="GameEngine\Effect\PostEffect\Vignette.h">
      <Filter>GameEngine\Effect\PostEffect</Filter>
    </ClInclude>
    <ClInclude Include="App\Scene\MenuScene.h">
      <Filter>GameEngine\Scene</Filter>
    </ClInclude>
    <ClInclude Include="App\Scene\OverScene.h">
      <Filter>GameEngine\Scene</Filter>
    </ClInclude>
    <ClInclude Include="App\Scene\StartScene.h">
      <Filter>GameEngine\Scene</Filter>
    </ClInclude>
    <ClInclude Include="GameEngine\Object\Base\ObjectBase.h">
      <Filter>GameEngine\Object\Base</Filter>
    </ClInclude>
    <ClInclude Include="GameEngine\Input\Controller.h" />
    <ClInclude Include="GameEngine\Effect\Particle\TrailEffect.h" />
    <ClInclude Include="GameEngine\Effect\EffectPixels\EffectPixels.h" />
    <ClInclude Include="App\Enemy\Action\AttackDash.h" />
    <ClInclude Include="App\Enemy\Action\ActionList.h" />
    <ClInclude Include="App\Enemy\Action\Seartch.h" />
    <ClInclude Include="App\Enemy\Action\AttackJump.h" />
    <ClInclude Include="App\Actor\Actor.h" />
    <ClInclude Include="GameEngine\Editor\NodeEditor\BTNodeEditor.h" />
    <ClInclude Include="Externals\imgui\imnodes_internal.h" />
    <ClInclude Include="Externals\imgui\imnodes.h" />
    <ClInclude Include="App\Enemy\Action\KnockBack.h" />
    <ClInclude Include="App\Enemy\Action\Dash.h" />
    <ClInclude Include="GameEngine\Editor\NodeEditor\Nodes\AINodeBase.h" />
    <ClInclude Include="GameEngine\Editor\NodeEditor\Nodes\AINodeComposites.h" />
    <ClInclude Include="GameEngine\Editor\NodeEditor\Nodes\AINodeActions.h" />
    <ClInclude Include="GameEngine\Append\Collider\CapsuelCollider.h" />
    <ClInclude Include="App\Gladiator.h" />
    <ClInclude Include="GameEngine\Scene\AbstractSceneFactory.h" />
    <ClInclude Include="App\Scene\SceneFactory.h" />
    <ClInclude Include="App\BlackBoard.h" />
    <ClInclude Include="App\Enemy\Action\Shrinkage.h" />
    <ClInclude Include="GameEngine\Resource\Texture\TextureManager.h" />
    <ClInclude Include="GameEngine\Effect\Particle\Emitter\ParticleEmitter.h" />
    <ClInclude Include="App\Enemy\Action\ShotBullet.h" />
    <ClInclude Include="App\Bullet\Bullet.h" />
    <ClInclude Include="App\Manager\GameManager.h" />
    <ClInclude Include="App\Actor\Collider\GameCollider.h" />
    <ClInclude Include="App\Enemy\Action\MoveFieldCenter.h" />
    <ClInclude Include="App\Enemy\Action\EarthSword.h" />
    <ClInclude Include="App\Bullet\EarthSwordBullet.h" />
  </ItemGroup>
  <ItemGroup>
    <Text Include="Externals\imgui\LICENSE.txt">
      <Filter>Externals\imgui</Filter>
    </Text>
  </ItemGroup>
  <ItemGroup>
    <None Include="Shaders\Collider\Collider3d.hlsli">
      <Filter>リソース ファイル\Shader\Collider</Filter>
    </None>
    <None Include="Shaders\PostEffect\CopyImage.hlsli">
      <Filter>リソース ファイル\Shader\PostEffect</Filter>
    </None>
    <None Include="Shaders\ColorConvert.hlsli">
      <Filter>リソース ファイル\Shader</Filter>
    </None>
    <None Include="Shaders\Grid3D.hlsli">
      <Filter>リソース ファイル\Shader</Filter>
    </None>
    <None Include="Shaders\Object3d.hlsli">
      <Filter>リソース ファイル\Shader</Filter>
    </None>
    <None Include="Shaders\Particle.hlsli">
      <Filter>リソース ファイル\Shader</Filter>
    </None>
    <None Include="Shaders\Skybox.hlsli">
      <Filter>リソース ファイル\Shader</Filter>
    </None>
    <None Include="Shaders\Sprite2d.hlsli">
      <Filter>リソース ファイル\Shader</Filter>
    </None>
  </ItemGroup>
  <ItemGroup>
    <FxCompile Include="Shaders\Collider\Collider3d.PS.hlsl">
      <Filter>リソース ファイル\Shader\Collider</Filter>
    </FxCompile>
    <FxCompile Include="Shaders\Collider\Collider3d.VS.hlsl">
      <Filter>リソース ファイル\Shader\Collider</Filter>
    </FxCompile>
    <FxCompile Include="Shaders\PostEffect\BoxFilter.PS.hlsl">
      <Filter>リソース ファイル\Shader\PostEffect</Filter>
    </FxCompile>
    <FxCompile Include="Shaders\PostEffect\CopyImage.PS.hlsl">
      <Filter>リソース ファイル\Shader\PostEffect</Filter>
    </FxCompile>
    <FxCompile Include="Shaders\PostEffect\CopyImage.VS.hlsl">
      <Filter>リソース ファイル\Shader\PostEffect</Filter>
    </FxCompile>
    <FxCompile Include="Shaders\PostEffect\DepthOutline.PS.hlsl">
      <Filter>リソース ファイル\Shader\PostEffect</Filter>
    </FxCompile>
    <FxCompile Include="Shaders\PostEffect\GaussianFilter.PS.hlsl">
      <Filter>リソース ファイル\Shader\PostEffect</Filter>
    </FxCompile>
    <FxCompile Include="Shaders\PostEffect\Grayscale.PS.hlsl">
      <Filter>リソース ファイル\Shader\PostEffect</Filter>
    </FxCompile>
    <FxCompile Include="Shaders\PostEffect\LuminanceOutline.PS.hlsl">
      <Filter>リソース ファイル\Shader\PostEffect</Filter>
    </FxCompile>
    <FxCompile Include="Shaders\PostEffect\RenderImage.PS.hlsl">
      <Filter>リソース ファイル\Shader\PostEffect</Filter>
    </FxCompile>
    <FxCompile Include="Shaders\PostEffect\Vignette.PS.hlsl">
      <Filter>リソース ファイル\Shader\PostEffect</Filter>
    </FxCompile>
    <FxCompile Include="Shaders\Grid3D.PS.hlsl">
      <Filter>リソース ファイル\Shader</Filter>
    </FxCompile>
    <FxCompile Include="Shaders\Grid3D.VS.hlsl">
      <Filter>リソース ファイル\Shader</Filter>
    </FxCompile>
    <FxCompile Include="Shaders\Object3d.PS.hlsl">
      <Filter>リソース ファイル\Shader</Filter>
    </FxCompile>
    <FxCompile Include="Shaders\Object3d.VS.hlsl">
      <Filter>リソース ファイル\Shader</Filter>
    </FxCompile>
    <FxCompile Include="Shaders\Particle.PS.hlsl">
      <Filter>リソース ファイル\Shader</Filter>
    </FxCompile>
    <FxCompile Include="Shaders\Particle.VS.hlsl">
      <Filter>リソース ファイル\Shader</Filter>
    </FxCompile>
    <FxCompile Include="Shaders\ShadowObject3d.VS.hlsl">
      <Filter>リソース ファイル\Shader</Filter>
    </FxCompile>
    <FxCompile Include="Shaders\SkinningObject3d.VS.hlsl">
      <Filter>リソース ファイル\Shader</Filter>
    </FxCompile>
    <FxCompile Include="Shaders\Skybox.PS.hlsl">
      <Filter>リソース ファイル\Shader</Filter>
    </FxCompile>
    <FxCompile Include="Shaders\Skybox.VS.hlsl">
      <Filter>リソース ファイル\Shader</Filter>
    </FxCompile>
    <FxCompile Include="Shaders\Sprite2d.PS.hlsl">
      <Filter>リソース ファイル\Shader</Filter>
    </FxCompile>
    <FxCompile Include="Shaders\Sprite2d.VS.hlsl">
      <Filter>リソース ファイル\Shader</Filter>
    </FxCompile>
  </ItemGroup>
</Project>