<?xml version="1.0" encoding="utf-8"?>
<Project ToolsVersion="4.0" xmlns="http://schemas.microsoft.com/developer/msbuild/2003">
  <ItemGroup>
    <Filter Include="リソース ファイル">
      <UniqueIdentifier>{67DA6AB6-F800-4c08-8B7A-83BB121AAD01}</UniqueIdentifier>
      <Extensions>rc;ico;cur;bmp;dlg;rc2;rct;bin;rgs;gif;jpg;jpeg;jpe;resx;tiff;tif;png;wav;mfcribbon-ms</Extensions>
    </Filter>
    <Filter Include="Engine">
      <UniqueIdentifier>{79a475c8-effe-474c-9b0b-adea0da283f8}</UniqueIdentifier>
    </Filter>
    <Filter Include="Engine\base">
      <UniqueIdentifier>{7efa9ed3-11ab-466c-ac46-781d56dca699}</UniqueIdentifier>
    </Filter>
    <Filter Include="Engine\math">
      <UniqueIdentifier>{8366f130-0620-4bdd-a003-4d85064dbb9e}</UniqueIdentifier>
    </Filter>
    <Filter Include="Engine\object">
      <UniqueIdentifier>{e466fe93-9190-4fb3-ab34-ab026ab0e249}</UniqueIdentifier>
    </Filter>
    <Filter Include="Engine\object\WorldTransform">
      <UniqueIdentifier>{7080e14c-228e-4d3f-929d-d845c5b3f007}</UniqueIdentifier>
    </Filter>
    <Filter Include="Engine\object\Camera">
      <UniqueIdentifier>{23a8e57e-719a-435a-9bf4-559d53aaa05a}</UniqueIdentifier>
    </Filter>
    <Filter Include="Engine\object\Light">
      <UniqueIdentifier>{3aabf391-e7d4-4cee-a79d-2de8f3ca0524}</UniqueIdentifier>
    </Filter>
    <Filter Include="Engine\object\Model">
      <UniqueIdentifier>{eb743ed8-e752-4eeb-bcd5-54f6a95ee6ee}</UniqueIdentifier>
    </Filter>
    <Filter Include="Engine\base\DirectX">
      <UniqueIdentifier>{58013492-ed9b-4a56-a74d-0ecf1b84379a}</UniqueIdentifier>
    </Filter>
    <Filter Include="Engine\base\DirectX\RTV">
      <UniqueIdentifier>{3abc21fd-95e4-4312-9ee3-52909f7b0ff3}</UniqueIdentifier>
    </Filter>
    <Filter Include="Engine\base\DirectX\SRV">
      <UniqueIdentifier>{3288a30a-03f8-40c2-b8d3-22685fc2ef0c}</UniqueIdentifier>
    </Filter>
    <Filter Include="Engine\base\DirectX\DSV">
      <UniqueIdentifier>{146fb369-94e9-4db7-9310-12d000f8f00c}</UniqueIdentifier>
    </Filter>
    <Filter Include="Externals">
      <UniqueIdentifier>{2fcbab74-8890-4485-8e30-c6cd756ee061}</UniqueIdentifier>
    </Filter>
    <Filter Include="Externals\imgui">
      <UniqueIdentifier>{6eaad0ce-75d7-4032-b592-03be9ea31292}</UniqueIdentifier>
    </Filter>
    <Filter Include="Engine\scene">
      <UniqueIdentifier>{cb3f15ed-4218-4968-b0ef-876b54aa0080}</UniqueIdentifier>
    </Filter>
    <Filter Include="Engine\color">
      <UniqueIdentifier>{9f51436a-eb12-40d6-854a-c042c884df61}</UniqueIdentifier>
    </Filter>
    <Filter Include="App">
      <UniqueIdentifier>{38a6db3a-45b4-4552-a164-e6fc5ea2f695}</UniqueIdentifier>
    </Filter>
    <Filter Include="App\command">
      <UniqueIdentifier>{d65dd533-df01-4566-9654-a169c8ae895a}</UniqueIdentifier>
    </Filter>
    <Filter Include="App\object">
      <UniqueIdentifier>{8950ac9c-34ae-4729-ac8d-0022f6b10d5d}</UniqueIdentifier>
    </Filter>
    <Filter Include="Engine\object\3d">
      <UniqueIdentifier>{bc639819-c07f-4050-bb41-870122750342}</UniqueIdentifier>
    </Filter>
    <Filter Include="Engine\collision">
      <UniqueIdentifier>{f167a84c-a7a8-405d-b221-ebfd20ee2888}</UniqueIdentifier>
    </Filter>
    <Filter Include="Engine\object\2d">
      <UniqueIdentifier>{6b0fbe17-3e38-41b5-afb6-fd0cf5afd2de}</UniqueIdentifier>
    </Filter>
    <Filter Include="Engine\object\Sprite">
      <UniqueIdentifier>{872ae062-3e4e-4376-af30-003abaf5194c}</UniqueIdentifier>
    </Filter>
    <Filter Include="Engine\Input">
      <UniqueIdentifier>{0c0618fc-3e73-419f-94e7-55cad856a744}</UniqueIdentifier>
    </Filter>
    <Filter Include="Engine\object\resouces">
      <UniqueIdentifier>{f83658ba-df8f-4545-b3ec-e574ed48a7c5}</UniqueIdentifier>
    </Filter>
    <Filter Include="Engine\object\resouces\section">
      <UniqueIdentifier>{f0a45819-e0a1-4a18-8c1a-98dc693afa94}</UniqueIdentifier>
    </Filter>
    <Filter Include="Engine\object\primitive">
      <UniqueIdentifier>{0512642e-ded2-4cf3-bd3a-15c74a008ad5}</UniqueIdentifier>
    </Filter>
    <Filter Include="App\command\EnemyState">
      <UniqueIdentifier>{1c141ced-152d-4abb-8b8a-47bcd0e157ef}</UniqueIdentifier>
    </Filter>
  </ItemGroup>
  <ItemGroup>
    <ClCompile Include="GameEngine\Base\WinApp\WinAPI.cpp">
      <Filter>Engine\base</Filter>
    </ClCompile>
    <ClCompile Include="GameEngine\Object\Sprite\Triangle.cpp">
      <Filter>Engine\object\primitive</Filter>
    </ClCompile>
    <ClCompile Include="GameEngine\Resource\Texture\Resource.cpp">
      <Filter>Engine\object\resouces\section</Filter>
    </ClCompile>
    <ClCompile Include="GameEngine\Append\Transform\WorldTransform.cpp">
      <Filter>Engine\object\WorldTransform</Filter>
    </ClCompile>
    <ClCompile Include="GameEngine\Object\Sprite\Sphere.cpp">
      <Filter>Engine\object\primitive</Filter>
    </ClCompile>
    <ClCompile Include="GameEngine\Object\Light\DirectionalLight.cpp">
      <Filter>Engine\object\Light</Filter>
    </ClCompile>
    <ClCompile Include="GameEngine\Object\Model\Model.cpp">
      <Filter>Engine\object\Model</Filter>
    </ClCompile>
    <ClCompile Include="GameEngine\Base\DirectX\DirectXCommon.cpp">
      <Filter>Engine\base\DirectX</Filter>
    </ClCompile>
    <ClCompile Include="GameEngine\Base\DirectX\SRV.cpp">
      <Filter>Engine\base\DirectX\SRV</Filter>
    </ClCompile>
    <ClCompile Include="GameEngine\Object\Particle\VoxelParticle.cpp">
      <Filter>Engine\object\primitive</Filter>
    </ClCompile>
    <ClCompile Include="Externals\imgui\imgui.cpp">
      <Filter>Externals\imgui</Filter>
    </ClCompile>
    <ClCompile Include="Externals\imgui\imgui_demo.cpp">
      <Filter>Externals\imgui</Filter>
    </ClCompile>
    <ClCompile Include="Externals\imgui\imgui_draw.cpp">
      <Filter>Externals\imgui</Filter>
    </ClCompile>
    <ClCompile Include="Externals\imgui\imgui_impl_dx12.cpp">
      <Filter>Externals\imgui</Filter>
    </ClCompile>
    <ClCompile Include="Externals\imgui\imgui_impl_win32.cpp">
      <Filter>Externals\imgui</Filter>
    </ClCompile>
    <ClCompile Include="Externals\imgui\imgui_tables.cpp">
      <Filter>Externals\imgui</Filter>
    </ClCompile>
    <ClCompile Include="Externals\imgui\imgui_widgets.cpp">
      <Filter>Externals\imgui</Filter>
    </ClCompile>
    <ClCompile Include="GameEngine\Resource\Audio\Audio.cpp">
      <Filter>Engine\object\resouces\section</Filter>
    </ClCompile>
    <ClCompile Include="GameEngine\Scene\IScene.cpp">
      <Filter>Engine\scene</Filter>
    </ClCompile>
    <ClCompile Include="GameEngine\Scene\SceneManager.cpp">
      <Filter>Engine\scene</Filter>
    </ClCompile>
    <ClCompile Include="GameEngine\Scene\TitleScene.cpp">
      <Filter>Engine\scene</Filter>
    </ClCompile>
    <ClCompile Include="GameEngine\Math\Matrix4x4.cpp">
      <Filter>Engine\math</Filter>
    </ClCompile>
    <ClCompile Include="GameEngine\Math\Quaternion.cpp">
      <Filter>Engine\math</Filter>
    </ClCompile>
    <ClCompile Include="GameEngine\Math\Vector3.cpp">
      <Filter>Engine\math</Filter>
    </ClCompile>
    <ClCompile Include="GameEngine\Math\Vec2.cpp">
      <Filter>Engine\math</Filter>
    </ClCompile>
    <ClCompile Include="GameEngine\Math\Vec4.cpp">
      <Filter>Engine\math</Filter>
    </ClCompile>
    <ClCompile Include="GameEngine\Object\Camera\MainCamera.cpp">
      <Filter>Engine\object\Camera</Filter>
    </ClCompile>
    <ClCompile Include="GameEngine\Append\Collider\CollisionManager.cpp">
      <Filter>Engine\collision</Filter>
    </ClCompile>
    <ClCompile Include="GameEngine\Object\Camera\CameraCommon.cpp">
      <Filter>Engine\object\Camera</Filter>
    </ClCompile>
    <ClCompile Include="GameEngine\Object\Model\ModelManager.cpp">
      <Filter>Engine\object\Model</Filter>
    </ClCompile>
    <ClCompile Include="GameEngine\Object\3d\Object3d.cpp">
      <Filter>Engine\object\3d</Filter>
    </ClCompile>
    <ClCompile Include="GameEngine\Object\3d\Object3dCommon.cpp">
      <Filter>Engine\object\3d</Filter>
    </ClCompile>
    <ClCompile Include="GameEngine\Scene\GameScene.cpp">
      <Filter>Engine\scene</Filter>
    </ClCompile>
    <ClCompile Include="GameEngine\Scene\ResultScene.cpp">
      <Filter>Engine\scene</Filter>
    </ClCompile>
    <ClCompile Include="GameEngine\Object\Sprite\SpriteAdministrator.cpp">
      <Filter>Engine\object\2d</Filter>
    </ClCompile>
    <ClCompile Include="GameEngine\Object\Sprite\Sprite.cpp">
      <Filter>Engine\object\Sprite</Filter>
    </ClCompile>
    <ClCompile Include="GameEngine\Input\InputManager.cpp">
      <Filter>Engine\Input</Filter>
    </ClCompile>
    <ClCompile Include="GameEngine\Input\Keyboard.cpp">
      <Filter>Engine\Input</Filter>
    </ClCompile>
    <ClCompile Include="GameEngine\Input\Gamepad.cpp">
      <Filter>Engine\Input</Filter>
    </ClCompile>
    <ClCompile Include="main.cpp">
      <Filter>Engine\object\resouces</Filter>
    </ClCompile>
    <ClCompile Include="GameEngine\Base\Debug\ImGuiManager.cpp" />
    <ClCompile Include="GameEngine\Base\Engine.cpp" />
    <ClCompile Include="GameEngine\Object\Particle\ParticleManager.cpp" />
    <ClCompile Include="GameEngine\Object\ObjectAdministrator.cpp" />
    <ClCompile Include="GameEngine\Base\DirectX\RTV.cpp" />
    <ClCompile Include="GameEngine\Base\DirectX\DSV.cpp" />
    <ClCompile Include="GameEngine\Object\Model\Skybox\Skybox.cpp" />
    <ClCompile Include="GameEngine\Object\Screen\RenderCopyImage.cpp" />
    <ClCompile Include="GameEngine\Object\Screen\RenderTextureAdmin.cpp" />
    <ClCompile Include="GameEngine\Resource\ResourceCommon.cpp" />
    <ClCompile Include="GameEngine\Object\Model\Line.cpp" />
    <ClCompile Include="GameEngine\Append\Animation\Skinning\Skeleton.cpp" />
    <ClCompile Include="GameEngine\Append\Animation\Skinning\SkinCluster.cpp" />
    <ClCompile Include="GameEngine\Append\Animation\Skinning\Skinnig.cpp" />
    <ClCompile Include="GameEngine\Append\Animation\Node\NodeAnimation.cpp" />
    <ClCompile Include="GameEngine\Append\Animation\Skinning\Joint.cpp" />
    <ClCompile Include="GameEngine\Object\Grid3D.cpp" />
    <ClCompile Include="GameEngine\Effect\PostEffect\IPostEffect.cpp" />
    <ClCompile Include="GameEngine\Effect\PostEffect\GrayScale.cpp" />
  </ItemGroup>
  <ItemGroup>
    <ClInclude Include="GameEngine\Base\WinApp\WinAPI.h">
      <Filter>Engine\base</Filter>
    </ClInclude>
    <ClInclude Include="GameEngine\Base\System.h">
      <Filter>Engine\base</Filter>
    </ClInclude>
    <ClInclude Include="GameEngine\Object\Sprite\Triangle.h">
      <Filter>Engine\object\primitive</Filter>
    </ClInclude>
    <ClInclude Include="GameEngine\Resource\Texture\Resource.h">
      <Filter>Engine\object\resouces\section</Filter>
    </ClInclude>
    <ClInclude Include="GameEngine\Append\Transform\WorldTransform.h">
      <Filter>Engine\object\WorldTransform</Filter>
    </ClInclude>
    <ClInclude Include="GameEngine\Object\Sprite\Sphere.h">
      <Filter>Engine\object\primitive</Filter>
    </ClInclude>
    <ClInclude Include="GameEngine\Object\Light\DirectionalLight.h">
      <Filter>Engine\object\Light</Filter>
    </ClInclude>
    <ClInclude Include="GameEngine\Object\Model\Model.h">
      <Filter>Engine\object\Model</Filter>
    </ClInclude>
    <ClInclude Include="GameEngine\Base\DirectX\DirectXCommon.h">
      <Filter>Engine\base\DirectX</Filter>
    </ClInclude>
    <ClInclude Include="GameEngine\Base\DirectX\SRV.h">
      <Filter>Engine\base\DirectX\SRV</Filter>
    </ClInclude>
    <ClInclude Include="GameEngine\Object\Particle\VoxelParticle.h">
      <Filter>Engine\object\primitive</Filter>
    </ClInclude>
    <ClInclude Include="Externals\imgui\imconfig.h">
      <Filter>Externals\imgui</Filter>
    </ClInclude>
    <ClInclude Include="Externals\imgui\imgui.h">
      <Filter>Externals\imgui</Filter>
    </ClInclude>
    <ClInclude Include="Externals\imgui\imgui_impl_dx12.h">
      <Filter>Externals\imgui</Filter>
    </ClInclude>
    <ClInclude Include="Externals\imgui\imgui_impl_win32.h">
      <Filter>Externals\imgui</Filter>
    </ClInclude>
    <ClInclude Include="Externals\imgui\imgui_internal.h">
      <Filter>Externals\imgui</Filter>
    </ClInclude>
    <ClInclude Include="Externals\imgui\imstb_rectpack.h">
      <Filter>Externals\imgui</Filter>
    </ClInclude>
    <ClInclude Include="Externals\imgui\imstb_textedit.h">
      <Filter>Externals\imgui</Filter>
    </ClInclude>
    <ClInclude Include="Externals\imgui\imstb_truetype.h">
      <Filter>Externals\imgui</Filter>
    </ClInclude>
    <ClInclude Include="GameEngine\Resource\Audio\Audio.h">
      <Filter>Engine\object\resouces\section</Filter>
    </ClInclude>
    <ClInclude Include="GameEngine\Scene\IScene.h">
      <Filter>Engine\scene</Filter>
    </ClInclude>
    <ClInclude Include="GameEngine\Scene\SceneManager.h">
      <Filter>Engine\scene</Filter>
    </ClInclude>
    <ClInclude Include="GameEngine\Scene\TitleScene.h">
      <Filter>Engine\scene</Filter>
    </ClInclude>
    <ClInclude Include="GameEngine\Math\Math.h">
      <Filter>Engine\math</Filter>
    </ClInclude>
    <ClInclude Include="GameEngine\Math\Matrix4x4.h">
      <Filter>Engine\math</Filter>
    </ClInclude>
    <ClInclude Include="GameEngine\Math\Quaternion.h">
      <Filter>Engine\math</Filter>
    </ClInclude>
    <ClInclude Include="GameEngine\Math\Vector3.h">
      <Filter>Engine\math</Filter>
    </ClInclude>
    <ClInclude Include="GameEngine\Resource\Material\Color.h">
      <Filter>Engine\color</Filter>
    </ClInclude>
    <ClInclude Include="GameEngine\Math\Vec2.h">
      <Filter>Engine\math</Filter>
    </ClInclude>
    <ClInclude Include="GameEngine\Math\Vec4.h">
      <Filter>Engine\math</Filter>
    </ClInclude>
    <ClInclude Include="GameEngine\Object\Camera\MainCamera.h">
      <Filter>Engine\object\Camera</Filter>
    </ClInclude>
    <ClInclude Include="GameEngine\Append\Collider\Collider.h">
      <Filter>Engine\collision</Filter>
    </ClInclude>
    <ClInclude Include="GameEngine\Append\Collider\CollisionConfig.h">
      <Filter>Engine\collision</Filter>
    </ClInclude>
    <ClInclude Include="GameEngine\Append\Collider\CollisionManager.h">
      <Filter>Engine\collision</Filter>
    </ClInclude>
    <ClInclude Include="GameEngine\Object\Camera\CameraCommon.h">
      <Filter>Engine\object\Camera</Filter>
    </ClInclude>
    <ClInclude Include="GameEngine\Object\Model\ModelManager.h">
      <Filter>Engine\object\Model</Filter>
    </ClInclude>
    <ClInclude Include="GameEngine\Object\3d\Object3d.h">
      <Filter>Engine\object\3d</Filter>
    </ClInclude>
    <ClInclude Include="GameEngine\Object\3d\Object3dCommon.h">
      <Filter>Engine\object\3d</Filter>
    </ClInclude>
    <ClInclude Include="GameEngine\Scene\GameScene.h">
      <Filter>Engine\scene</Filter>
    </ClInclude>
    <ClInclude Include="GameEngine\Scene\ResultScene.h">
      <Filter>Engine\scene</Filter>
    </ClInclude>
    <ClInclude Include="GameEngine\Object\Sprite\SpriteAdministrator.h">
      <Filter>Engine\object\2d</Filter>
    </ClInclude>
    <ClInclude Include="GameEngine\Object\Sprite\Sprite.h">
      <Filter>Engine\object\Sprite</Filter>
    </ClInclude>
    <ClInclude Include="GameEngine\Resource\Material\Material.h" />
    <ClInclude Include="GameEngine\Input\InputManager.h">
      <Filter>Engine\Input</Filter>
    </ClInclude>
    <ClInclude Include="GameEngine\Input\Keyboard.h">
      <Filter>Engine\Input</Filter>
    </ClInclude>
    <ClInclude Include="GameEngine\Input\Gamepad.h">
      <Filter>Engine\Input</Filter>
    </ClInclude>
    <ClInclude Include="GameEngine\Base\Debug\ImGuiManager.h" />
    <ClInclude Include="GameEngine\Base\Engine.h" />
    <ClInclude Include="GameEngine\Object\Particle\ParticleManager.h" />
    <ClInclude Include="GameEngine\Object\ObjectAdministrator.h" />
    <ClInclude Include="GameEngine\Base\DirectX\RTV.h" />
    <ClInclude Include="GameEngine\Base\DirectX\DSV.h" />
    <ClInclude Include="GameEngine\Object\Model\Skybox\Skybox.h" />
    <ClInclude Include="GameEngine\Object\Screen\RenderCopyImage.h" />
    <ClInclude Include="GameEngine\Object\Screen\RenderTextureAdmin.h" />
    <ClInclude Include="GameEngine\Resource\ResourceCommon.h" />
    <ClInclude Include="GameEngine\Object\Model\Line.h" />
    <ClInclude Include="GameEngine\Append\Animation\Skinning\Skeleton.h" />
    <ClInclude Include="GameEngine\Append\Animation\Skinning\SkinCluster.h" />
    <ClInclude Include="GameEngine\Append\Animation\Skinning\Skinnig.h" />
    <ClInclude Include="GameEngine\Append\Animation\Node\NodeAnimation.h" />
    <ClInclude Include="GameEngine\Append\Animation\Skinning\Joint.h" />
    <ClInclude Include="GameEngine\Object\Grid3D.h" />
    <ClInclude Include="GameEngine\Effect\PostEffect\IPostEffect.h" />
    <ClInclude Include="GameEngine\Effect\PostEffect\GrayScale.h" />
  </ItemGroup>
  <ItemGroup>
    <Text Include="Externals\imgui\LICENSE.txt">
      <Filter>Externals\imgui</Filter>
    </Text>
  </ItemGroup>
  <ItemGroup>
    <None Include="Shaders\Sprite2d.hlsli" />
    <None Include="Shaders\Particle.hlsli" />
    <None Include="Shaders\Object3d.hlsli" />
    <None Include="Shaders\CopyImage.hlsli" />
  </ItemGroup>
  <ItemGroup>
    <FxCompile Include="Shaders\Sprite2d.PS.hlsl" />
    <FxCompile Include="Shaders\Sprite2d.VS.hlsl" />
    <FxCompile Include="Shaders\Object3d.PS.hlsl" />
    <FxCompile Include="Shaders\Object3d.VS.hlsl" />
    <FxCompile Include="Shaders\Particle.PS.hlsl" />
    <FxCompile Include="Shaders\Particle.VS.hlsl" />
    <FxCompile Include="Shaders\CopyImage.PS.hlsl" />
    <FxCompile Include="Shaders\CopyImage.VS.hlsl" />
    <FxCompile Include="Shaders\SkinningObject3d.VS.hlsl" />
  </ItemGroup>
</Project>